
Microsoft Visual Studio Solution File, Format Version 12.00
# Visual Studio Version 17
VisualStudioVersion = 17.2.32516.85
MinimumVisualStudioVersion = 10.0.40219.1
Project("{FAE04EC0-301F-11D3-BF4B-00C04F79EFBC}") = "FinalTermActivity-ASP1-ASP2-Guia-Querubin", "FinalTermActivity-ASP1-ASP2-Guia-Querubin\FinalTermActivity-ASP1-ASP2-Guia-Querubin.csproj", "{84984DFC-CF42-49BF-B429-71D9978B3941}"
EndProject
Global
	GlobalSection(SolutionConfigurationPlatforms) = preSolution
		Debug|Any CPU = Debug|Any CPU
		Release|Any CPU = Release|Any CPU
	EndGlobalSection
	GlobalSection(ProjectConfigurationPlatforms) = postSolution
		{84984DFC-CF42-49BF-B429-71D9978B3941}.Debug|Any CPU.ActiveCfg = Debug|Any CPU
		{84984DFC-CF42-49BF-B429-71D9978B3941}.Debug|Any CPU.Build.0 = Debug|Any CPU
		{84984DFC-CF42-49BF-B429-71D9978B3941}.Release|Any CPU.ActiveCfg = Release|Any CPU
		{84984DFC-CF42-49BF-B429-71D9978B3941}.Release|Any CPU.Build.0 = Release|Any CPU
	EndGlobalSection
	GlobalSection(SolutionProperties) = preSolution
		HideSolutionNode = FALSE
	EndGlobalSection
	GlobalSection(ExtensibilityGlobals) = postSolution
		SolutionGuid = {36527355-E135-4F5C-9523-18C4C7576E94}
	EndGlobalSection
EndGlobal
